
Microsoft Visual Studio Solution File, Format Version 12.00
# Visual Studio 2013
VisualStudioVersion = 12.0.21005.1
MinimumVisualStudioVersion = 10.0.40219.1
Project("{FAE04EC0-301F-11D3-BF4B-00C04F79EFBC}") = "RESTfulDemo", "RESTfulDemo\RESTfulDemo.csproj", "{475F0A29-2B35-4AC1-9F1B-7362DFFDA8EA}"
EndProject
Project("{FAE04EC0-301F-11D3-BF4B-00C04F79EFBC}") = "BaseModel", "BaseModel\BaseModel.csproj", "{29C03891-48AE-4FD4-9CC3-A384FAC94D53}"
EndProject
Project("{FAE04EC0-301F-11D3-BF4B-00C04F79EFBC}") = "Common", "Common\Common.csproj", "{0D2B3536-DC91-4987-B93C-380F971E441A}"
EndProject
Project("{FAE04EC0-301F-11D3-BF4B-00C04F79EFBC}") = "CustomFilters", "CustomFilters\CustomFilters.csproj", "{27F4691E-047F-4AFC-B9A1-475BFB9C8847}"
EndProject
Project("{FAE04EC0-301F-11D3-BF4B-00C04F79EFBC}") = "DAL", "DAL\DAL.csproj", "{97DF0DE6-E98E-494D-9905-A2966899FFCE}"
EndProject
Project("{FAE04EC0-301F-11D3-BF4B-00C04F79EFBC}") = "DB4Net", "DB4Net\DB4Net.csproj", "{D6047FD5-1318-4102-A209-0502D0900C06}"
EndProject
Global
	GlobalSection(SolutionConfigurationPlatforms) = preSolution
		Debug|Any CPU = Debug|Any CPU
		Release|Any CPU = Release|Any CPU
	EndGlobalSection
	GlobalSection(ProjectConfigurationPlatforms) = postSolution
		{475F0A29-2B35-4AC1-9F1B-7362DFFDA8EA}.Debug|Any CPU.ActiveCfg = Debug|Any CPU
		{475F0A29-2B35-4AC1-9F1B-7362DFFDA8EA}.Debug|Any CPU.Build.0 = Debug|Any CPU
		{475F0A29-2B35-4AC1-9F1B-7362DFFDA8EA}.Release|Any CPU.ActiveCfg = Release|Any CPU
		{475F0A29-2B35-4AC1-9F1B-7362DFFDA8EA}.Release|Any CPU.Build.0 = Release|Any CPU
		{29C03891-48AE-4FD4-9CC3-A384FAC94D53}.Debug|Any CPU.ActiveCfg = Debug|Any CPU
		{29C03891-48AE-4FD4-9CC3-A384FAC94D53}.Debug|Any CPU.Build.0 = Debug|Any CPU
		{29C03891-48AE-4FD4-9CC3-A384FAC94D53}.Release|Any CPU.ActiveCfg = Release|Any CPU
		{29C03891-48AE-4FD4-9CC3-A384FAC94D53}.Release|Any CPU.Build.0 = Release|Any CPU
		{0D2B3536-DC91-4987-B93C-380F971E441A}.Debug|Any CPU.ActiveCfg = Debug|Any CPU
		{0D2B3536-DC91-4987-B93C-380F971E441A}.Debug|Any CPU.Build.0 = Debug|Any CPU
		{0D2B3536-DC91-4987-B93C-380F971E441A}.Release|Any CPU.ActiveCfg = Release|Any CPU
		{0D2B3536-DC91-4987-B93C-380F971E441A}.Release|Any CPU.Build.0 = Release|Any CPU
		{27F4691E-047F-4AFC-B9A1-475BFB9C8847}.Debug|Any CPU.ActiveCfg = Debug|Any CPU
		{27F4691E-047F-4AFC-B9A1-475BFB9C8847}.Debug|Any CPU.Build.0 = Debug|Any CPU
		{27F4691E-047F-4AFC-B9A1-475BFB9C8847}.Release|Any CPU.ActiveCfg = Release|Any CPU
		{27F4691E-047F-4AFC-B9A1-475BFB9C8847}.Release|Any CPU.Build.0 = Release|Any CPU
		{97DF0DE6-E98E-494D-9905-A2966899FFCE}.Debug|Any CPU.ActiveCfg = Debug|Any CPU
		{97DF0DE6-E98E-494D-9905-A2966899FFCE}.Debug|Any CPU.Build.0 = Debug|Any CPU
		{97DF0DE6-E98E-494D-9905-A2966899FFCE}.Release|Any CPU.ActiveCfg = Release|Any CPU
		{97DF0DE6-E98E-494D-9905-A2966899FFCE}.Release|Any CPU.Build.0 = Release|Any CPU
		{D6047FD5-1318-4102-A209-0502D0900C06}.Debug|Any CPU.ActiveCfg = Debug|Any CPU
		{D6047FD5-1318-4102-A209-0502D0900C06}.Debug|Any CPU.Build.0 = Debug|Any CPU
		{D6047FD5-1318-4102-A209-0502D0900C06}.Release|Any CPU.ActiveCfg = Release|Any CPU
		{D6047FD5-1318-4102-A209-0502D0900C06}.Release|Any CPU.Build.0 = Release|Any CPU
	EndGlobalSection
	GlobalSection(SolutionProperties) = preSolution
		HideSolutionNode = FALSE
	EndGlobalSection
EndGlobal
